
Microsoft Visual Studio Solution File, Format Version 12.00
# Visual Studio Version 16
VisualStudioVersion = 16.0.31402.337
MinimumVisualStudioVersion = 10.0.40219.1
Project("{FAE04EC0-301F-11D3-BF4B-00C04F79EFBC}") = "demologin", "demologin\demologin.csproj", "{0F281AB6-7C36-4572-A0EF-82A1EECC50E2}"
EndProject
Global
	GlobalSection(SolutionConfigurationPlatforms) = preSolution
		Debug|Any CPU = Debug|Any CPU
		Release|Any CPU = Release|Any CPU
	EndGlobalSection
	GlobalSection(ProjectConfigurationPlatforms) = postSolution
		{0F281AB6-7C36-4572-A0EF-82A1EECC50E2}.Debug|Any CPU.ActiveCfg = Debug|Any CPU
		{0F281AB6-7C36-4572-A0EF-82A1EECC50E2}.Debug|Any CPU.Build.0 = Debug|Any CPU
		{0F281AB6-7C36-4572-A0EF-82A1EECC50E2}.Release|Any CPU.ActiveCfg = Release|Any CPU
		{0F281AB6-7C36-4572-A0EF-82A1EECC50E2}.Release|Any CPU.Build.0 = Release|Any CPU
	EndGlobalSection
	GlobalSection(SolutionProperties) = preSolution
		HideSolutionNode = FALSE
	EndGlobalSection
	GlobalSection(ExtensibilityGlobals) = postSolution
		SolutionGuid = {22F0DF1A-90FA-4716-81AD-123158EA5EB3}
	EndGlobalSection
EndGlobal
